
Microsoft Visual Studio Solution File, Format Version 12.00
# Visual Studio 15
VisualStudioVersion = 15.0.27428.2037
MinimumVisualStudioVersion = 10.0.40219.1
Project("{9A19103F-16F7-4668-BE54-9A1E7A4F7556}") = "TesteFullBar", "TesteFullBar\TesteFullBar.csproj", "{448E1867-648D-48E5-82B4-40352D8F844E}"
EndProject
Project("{9A19103F-16F7-4668-BE54-9A1E7A4F7556}") = "FullBar.Api", "FullBar.Api\FullBar.Api.csproj", "{8A237985-6569-4BDE-8A81-2AA7184BE16A}"
EndProject
Global
	GlobalSection(SolutionConfigurationPlatforms) = preSolution
		Debug|Any CPU = Debug|Any CPU
		Release|Any CPU = Release|Any CPU
	EndGlobalSection
	GlobalSection(ProjectConfigurationPlatforms) = postSolution
		{448E1867-648D-48E5-82B4-40352D8F844E}.Debug|Any CPU.ActiveCfg = Debug|Any CPU
		{448E1867-648D-48E5-82B4-40352D8F844E}.Debug|Any CPU.Build.0 = Debug|Any CPU
		{448E1867-648D-48E5-82B4-40352D8F844E}.Release|Any CPU.ActiveCfg = Release|Any CPU
		{448E1867-648D-48E5-82B4-40352D8F844E}.Release|Any CPU.Build.0 = Release|Any CPU
		{8A237985-6569-4BDE-8A81-2AA7184BE16A}.Debug|Any CPU.ActiveCfg = Debug|Any CPU
		{8A237985-6569-4BDE-8A81-2AA7184BE16A}.Debug|Any CPU.Build.0 = Debug|Any CPU
		{8A237985-6569-4BDE-8A81-2AA7184BE16A}.Release|Any CPU.ActiveCfg = Release|Any CPU
		{8A237985-6569-4BDE-8A81-2AA7184BE16A}.Release|Any CPU.Build.0 = Release|Any CPU
	EndGlobalSection
	GlobalSection(SolutionProperties) = preSolution
		HideSolutionNode = FALSE
	EndGlobalSection
	GlobalSection(ExtensibilityGlobals) = postSolution
		SolutionGuid = {59A0AD45-21B6-4697-B4EE-BD5B2249C00F}
	EndGlobalSection
EndGlobal
